
Microsoft Visual Studio Solution File, Format Version 12.00
# Visual Studio Version 17
VisualStudioVersion = 17.3.32929.385
MinimumVisualStudioVersion = 10.0.40219.1
Project("{FAE04EC0-301F-11D3-BF4B-00C04F79EFBC}") = "Disaster Recovery Solution", "Disaster Recovery Solution.csproj", "{261F3C0A-EFDC-4315-AFC3-E47D379EA864}"
EndProject
Global
	GlobalSection(SolutionConfigurationPlatforms) = preSolution
		Debug|Any CPU = Debug|Any CPU
		Release|Any CPU = Release|Any CPU
	EndGlobalSection
	GlobalSection(ProjectConfigurationPlatforms) = postSolution
		{261F3C0A-EFDC-4315-AFC3-E47D379EA864}.Debug|Any CPU.ActiveCfg = Debug|Any CPU
		{261F3C0A-EFDC-4315-AFC3-E47D379EA864}.Debug|Any CPU.Build.0 = Debug|Any CPU
		{261F3C0A-EFDC-4315-AFC3-E47D379EA864}.Release|Any CPU.ActiveCfg = Release|Any CPU
		{261F3C0A-EFDC-4315-AFC3-E47D379EA864}.Release|Any CPU.Build.0 = Release|Any CPU
	EndGlobalSection
	GlobalSection(SolutionProperties) = preSolution
		HideSolutionNode = FALSE
	EndGlobalSection
	GlobalSection(ExtensibilityGlobals) = postSolution
		SolutionGuid = {C4A391F1-35D0-4322-B05A-0105C51BFFE8}
	EndGlobalSection
EndGlobal
